
Microsoft Visual Studio Solution File, Format Version 12.00
# Visual Studio Version 17
VisualStudioVersion = 17.11.35222.181
MinimumVisualStudioVersion = 10.0.40219.1
Project("{9A19103F-16F7-4668-BE54-9A1E7A4F7556}") = "FeaneMVC", "FeaneMVC\FeaneMVC.csproj", "{EEE8CB13-16A2-4903-BB19-EFF20ADB1307}"
EndProject
Project("{2150E333-8FDC-42A3-9474-1A3956D46DE8}") = "Элементы решения", "Элементы решения", "{577848F7-8447-452F-AF09-F00C6F3879A7}"
EndProject
Project("{2150E333-8FDC-42A3-9474-1A3956D46DE8}") = "Solution Items", "Solution Items", "{B0CB45D8-7AF3-4709-ADD8-7E6A662534F2}"
	ProjectSection(SolutionItems) = preProject
		compose.yaml = compose.yaml
	EndProjectSection
EndProject
Global
	GlobalSection(SolutionConfigurationPlatforms) = preSolution
		Debug|Any CPU = Debug|Any CPU
		Release|Any CPU = Release|Any CPU
	EndGlobalSection
	GlobalSection(ProjectConfigurationPlatforms) = postSolution
		{EEE8CB13-16A2-4903-BB19-EFF20ADB1307}.Debug|Any CPU.ActiveCfg = Debug|Any CPU
		{EEE8CB13-16A2-4903-BB19-EFF20ADB1307}.Debug|Any CPU.Build.0 = Debug|Any CPU
		{EEE8CB13-16A2-4903-BB19-EFF20ADB1307}.Release|Any CPU.ActiveCfg = Release|Any CPU
		{EEE8CB13-16A2-4903-BB19-EFF20ADB1307}.Release|Any CPU.Build.0 = Release|Any CPU
	EndGlobalSection
	GlobalSection(SolutionProperties) = preSolution
		HideSolutionNode = FALSE
	EndGlobalSection
	GlobalSection(ExtensibilityGlobals) = postSolution
		SolutionGuid = {2CFAA9B3-8E36-4B46-AB78-A9C4BE614817}
	EndGlobalSection
EndGlobal
